
Microsoft Visual Studio Solution File, Format Version 11.00
# Visual Studio 2010
Project("{FAE04EC0-301F-11D3-BF4B-00C04F79EFBC}") = "SmartIrc4Net", "SmartIrc4Net.csproj", "{BFB6AD56-7EE1-4F29-BEE1-50BC09137178}"
EndProject
Project("{FAE04EC0-301F-11D3-BF4B-00C04F79EFBC}") = "TestApp", "..\TestApp\TestApp.csproj", "{C8E27E4A-FC66-4898-921A-71A7092E15E4}"
EndProject
Global
	GlobalSection(SolutionConfigurationPlatforms) = preSolution
		Debug|Any CPU = Debug|Any CPU
		Debug|Mixed Platforms = Debug|Mixed Platforms
		Debug|x86 = Debug|x86
		Release|Any CPU = Release|Any CPU
		Release|Mixed Platforms = Release|Mixed Platforms
		Release|x86 = Release|x86
	EndGlobalSection
	GlobalSection(ProjectConfigurationPlatforms) = postSolution
		{BFB6AD56-7EE1-4F29-BEE1-50BC09137178}.Debug|Any CPU.ActiveCfg = Debug|Any CPU
		{BFB6AD56-7EE1-4F29-BEE1-50BC09137178}.Debug|Any CPU.Build.0 = Debug|Any CPU
		{BFB6AD56-7EE1-4F29-BEE1-50BC09137178}.Debug|Mixed Platforms.ActiveCfg = Debug|Any CPU
		{BFB6AD56-7EE1-4F29-BEE1-50BC09137178}.Debug|Mixed Platforms.Build.0 = Debug|Any CPU
		{BFB6AD56-7EE1-4F29-BEE1-50BC09137178}.Debug|x86.ActiveCfg = Debug|Any CPU
		{BFB6AD56-7EE1-4F29-BEE1-50BC09137178}.Release|Any CPU.ActiveCfg = Release|Any CPU
		{BFB6AD56-7EE1-4F29-BEE1-50BC09137178}.Release|Any CPU.Build.0 = Release|Any CPU
		{BFB6AD56-7EE1-4F29-BEE1-50BC09137178}.Release|Mixed Platforms.ActiveCfg = Release|Any CPU
		{BFB6AD56-7EE1-4F29-BEE1-50BC09137178}.Release|Mixed Platforms.Build.0 = Release|Any CPU
		{BFB6AD56-7EE1-4F29-BEE1-50BC09137178}.Release|x86.ActiveCfg = Release|Any CPU
		{C8E27E4A-FC66-4898-921A-71A7092E15E4}.Debug|Any CPU.ActiveCfg = Debug|x86
		{C8E27E4A-FC66-4898-921A-71A7092E15E4}.Debug|Mixed Platforms.ActiveCfg = Debug|x86
		{C8E27E4A-FC66-4898-921A-71A7092E15E4}.Debug|Mixed Platforms.Build.0 = Debug|x86
		{C8E27E4A-FC66-4898-921A-71A7092E15E4}.Debug|x86.ActiveCfg = Debug|x86
		{C8E27E4A-FC66-4898-921A-71A7092E15E4}.Debug|x86.Build.0 = Debug|x86
		{C8E27E4A-FC66-4898-921A-71A7092E15E4}.Release|Any CPU.ActiveCfg = Release|x86
		{C8E27E4A-FC66-4898-921A-71A7092E15E4}.Release|Mixed Platforms.ActiveCfg = Release|x86
		{C8E27E4A-FC66-4898-921A-71A7092E15E4}.Release|Mixed Platforms.Build.0 = Release|x86
		{C8E27E4A-FC66-4898-921A-71A7092E15E4}.Release|x86.ActiveCfg = Release|x86
		{C8E27E4A-FC66-4898-921A-71A7092E15E4}.Release|x86.Build.0 = Release|x86
	EndGlobalSection
	GlobalSection(SolutionProperties) = preSolution
		HideSolutionNode = FALSE
	EndGlobalSection
EndGlobal
